<?xml version="1.0" encoding="utf-8"?>
<Project ToolsVersion="4.0" xmlns="http://schemas.microsoft.com/developer/msbuild/2003">
  <ItemGroup>
    <None Include=".gitignore" />
  </ItemGroup>
  <ItemGroup>
    <Filter Include="include">
      <UniqueIdentifier>{382ad923-1204-469b-b9d4-48788ae9a059}</UniqueIdentifier>
    </Filter>
    <Filter Include="src">
      <UniqueIdentifier>{49b3f114-34c8-44e9-92f8-af8742d5ddee}</UniqueIdentifier>
    </Filter>
  </ItemGroup>
  <ItemGroup>
    <ClInclude Include="include\ImageManager.h">
      <Filter>include</Filter>
    </ClInclude>
    <ClInclude Include="include\Logger.h">
      <Filter>include</Filter>
    </ClInclude>
    <ClInclude Include="include\PinLocker.h">
      <Filter>include</Filter>
    </ClInclude>
  </ItemGroup>
  <ItemGroup>
    <ClCompile Include="src\ImageManager.cpp">
      <Filter>src</Filter>
    </ClCompile>
    <ClCompile Include="src\tenet_tracer.cpp">
      <Filter>src</Filter>
    </ClCompile>
  </ItemGroup>
</Project>